// !$*UTF8*$!
{
	archiveVersion = 1;
	classes = {
	};
	objectVersion = 55;
	objects = {

/* Begin PBXBuildFile section */
		34CE804B047DA9DEE0B0FAB9 /* Pods_OSDITests.framework in Frameworks */ = {isa = PBXBuildFile; fileRef = 8CE53DC3C9FCCD081042C0B1 /* Pods_OSDITests.framework */; };
		35594FF995D8A8D6E58556BE /* Pods_OSDI_OSDIUITests.framework in Frameworks */ = {isa = PBXBuildFile; fileRef = DEE1FE5F20399E384E6DBF09 /* Pods_OSDI_OSDIUITests.framework */; };
		4432DDB329ED798800C6AC30 /* LowLyingAreaVC.swift in Sources */ = {isa = PBXBuildFile; fileRef = 4432DDB229ED798800C6AC30 /* LowLyingAreaVC.swift */; };
		4432DDB729EE93D200C6AC30 /* LandDeviationVC.swift in Sources */ = {isa = PBXBuildFile; fileRef = 4432DDB629EE93D200C6AC30 /* LandDeviationVC.swift */; };
		44343ADC29E1488A009D6A80 /* RuralUrbanVC.swift in Sources */ = {isa = PBXBuildFile; fileRef = 44343ADB29E1488A009D6A80 /* RuralUrbanVC.swift */; };
		44343AE029E1E2EC009D6A80 /* DashboardVC.swift in Sources */ = {isa = PBXBuildFile; fileRef = 44343ADF29E1E2EC009D6A80 /* DashboardVC.swift */; };
		44343AE229E1EA14009D6A80 /* LandInfoSystemVC.swift in Sources */ = {isa = PBXBuildFile; fileRef = 44343AE129E1EA14009D6A80 /* LandInfoSystemVC.swift */; };
		44343AE429E1EA60009D6A80 /* Constants.swift in Sources */ = {isa = PBXBuildFile; fileRef = 44343AE329E1EA60009D6A80 /* Constants.swift */; };
		4435EFB429EFD0E600CCFBDF /* RoadExtWideningVC.swift in Sources */ = {isa = PBXBuildFile; fileRef = 4435EFB329EFD0E600CCFBDF /* RoadExtWideningVC.swift */; };
		44422AEC29E7ECE900246AB7 /* HeritageMapVC.swift in Sources */ = {isa = PBXBuildFile; fileRef = 44422AEB29E7ECE900246AB7 /* HeritageMapVC.swift */; };
		4442F28629F650E800BDDB8B /* LandLeaseVC.swift in Sources */ = {isa = PBXBuildFile; fileRef = 4442F28529F650E800BDDB8B /* LandLeaseVC.swift */; };
		44451EA729F25A5F00CBF1D3 /* LandOwnershipVC.swift in Sources */ = {isa = PBXBuildFile; fileRef = 44451EA629F25A5F00CBF1D3 /* LandOwnershipVC.swift */; };
		44451EA929F29F6000CBF1D3 /* GovtLandInfoVC.swift in Sources */ = {isa = PBXBuildFile; fileRef = 44451EA829F29F6000CBF1D3 /* GovtLandInfoVC.swift */; };
		44451EAB29F2C0FD00CBF1D3 /* GovtLandInfoDetailsVC.swift in Sources */ = {isa = PBXBuildFile; fileRef = 44451EAA29F2C0FD00CBF1D3 /* GovtLandInfoDetailsVC.swift */; };
		44451EAD29F2C13E00CBF1D3 /* GovtLandInfoCell.swift in Sources */ = {isa = PBXBuildFile; fileRef = 44451EAC29F2C13E00CBF1D3 /* GovtLandInfoCell.swift */; };
		44457FCE29ED1AB000A5BC7E /* ViewDetailsHeritageVC.swift in Sources */ = {isa = PBXBuildFile; fileRef = 44457FCD29ED1AB000A5BC7E /* ViewDetailsHeritageVC.swift */; };
		44457FD029ED1B0400A5BC7E /* HeriViewDetailsCell.swift in Sources */ = {isa = PBXBuildFile; fileRef = 44457FCF29ED1B0400A5BC7E /* HeriViewDetailsCell.swift */; };
		44457FD229ED26EF00A5BC7E /* FilterMapHeritageVC.swift in Sources */ = {isa = PBXBuildFile; fileRef = 44457FD129ED26EF00A5BC7E /* FilterMapHeritageVC.swift */; };
		44457FD429ED502D00A5BC7E /* SolidWasteCollectionVC.swift in Sources */ = {isa = PBXBuildFile; fileRef = 44457FD329ED502D00A5BC7E /* SolidWasteCollectionVC.swift */; };
		44457FD629ED51F900A5BC7E /* FilterRouteVC.swift in Sources */ = {isa = PBXBuildFile; fileRef = 44457FD529ED51F900A5BC7E /* FilterRouteVC.swift */; };
		4455754D29F79A650086B427 /* UtilityInfraVC.swift in Sources */ = {isa = PBXBuildFile; fileRef = 4455754C29F79A650086B427 /* UtilityInfraVC.swift */; };
		4455754F29F7AC0D0086B427 /* CoalBlockVC.swift in Sources */ = {isa = PBXBuildFile; fileRef = 4455754E29F7AC0D0086B427 /* CoalBlockVC.swift */; };
		4455755129F7AC290086B427 /* FarmLandVC.swift in Sources */ = {isa = PBXBuildFile; fileRef = 4455755029F7AC290086B427 /* FarmLandVC.swift */; };
		4460692C29E012DB002F748B /* AppDelegate.swift in Sources */ = {isa = PBXBuildFile; fileRef = 4460692B29E012DB002F748B /* AppDelegate.swift */; };
		4460692E29E012DB002F748B /* SceneDelegate.swift in Sources */ = {isa = PBXBuildFile; fileRef = 4460692D29E012DB002F748B /* SceneDelegate.swift */; };
		4460693329E012DB002F748B /* Main.storyboard in Resources */ = {isa = PBXBuildFile; fileRef = 4460693129E012DB002F748B /* Main.storyboard */; };
		4460693529E012DC002F748B /* Assets.xcassets in Resources */ = {isa = PBXBuildFile; fileRef = 4460693429E012DC002F748B /* Assets.xcassets */; };
		4460693829E012DC002F748B /* LaunchScreen.storyboard in Resources */ = {isa = PBXBuildFile; fileRef = 4460693629E012DC002F748B /* LaunchScreen.storyboard */; };
		4460694329E012DC002F748B /* OSDITests.swift in Sources */ = {isa = PBXBuildFile; fileRef = 4460694229E012DC002F748B /* OSDITests.swift */; };
		4460694D29E012DD002F748B /* OSDIUITests.swift in Sources */ = {isa = PBXBuildFile; fileRef = 4460694C29E012DD002F748B /* OSDIUITests.swift */; };
		4460694F29E012DD002F748B /* OSDIUITestsLaunchTests.swift in Sources */ = {isa = PBXBuildFile; fileRef = 4460694E29E012DD002F748B /* OSDIUITestsLaunchTests.swift */; };
		4460695F29E015E2002F748B /* LoginViewController.swift in Sources */ = {isa = PBXBuildFile; fileRef = 4460695E29E015E2002F748B /* LoginViewController.swift */; };
		4460696229E09D3F002F748B /* CustomTextField.swift in Sources */ = {isa = PBXBuildFile; fileRef = 4460696129E09D3F002F748B /* CustomTextField.swift */; };
		446AAD1E29F682A2001CE379 /* LandAcquisitionVC.swift in Sources */ = {isa = PBXBuildFile; fileRef = 446AAD1D29F682A2001CE379 /* LandAcquisitionVC.swift */; };
		446AAD2029F68E02001CE379 /* SocialInfraVC.swift in Sources */ = {isa = PBXBuildFile; fileRef = 446AAD1F29F68E02001CE379 /* SocialInfraVC.swift */; };
		446E98AF29E3EABE00B29B47 /* GrievanceManagementVC.swift in Sources */ = {isa = PBXBuildFile; fileRef = 446E98AE29E3EABE00B29B47 /* GrievanceManagementVC.swift */; };
		446E98B529E4111A00B29B47 /* CustomButton.swift in Sources */ = {isa = PBXBuildFile; fileRef = 446E98B429E4111A00B29B47 /* CustomButton.swift */; };
		446E98B729E4165300B29B47 /* TotalGrievanceVC.swift in Sources */ = {isa = PBXBuildFile; fileRef = 446E98B629E4165300B29B47 /* TotalGrievanceVC.swift */; };
		4476702A29F120D1001C748C /* RuralDashBoardVC.swift in Sources */ = {isa = PBXBuildFile; fileRef = 4476702929F120D1001C748C /* RuralDashBoardVC.swift */; };
		447846C629E440B000C9B3E7 /* TotalGrievanceCell.swift in Sources */ = {isa = PBXBuildFile; fileRef = 447846C529E440B000C9B3E7 /* TotalGrievanceCell.swift */; };
		4485CEB329E5364100CF31DE /* PendingGrievanceCell.swift in Sources */ = {isa = PBXBuildFile; fileRef = 4485CEB229E5364100CF31DE /* PendingGrievanceCell.swift */; };
		4485CEB529E5367D00CF31DE /* PendingGrievanceVC.swift in Sources */ = {isa = PBXBuildFile; fileRef = 4485CEB429E5367D00CF31DE /* PendingGrievanceVC.swift */; };
		4485CEB729E536A200CF31DE /* CompletedGrievanceVC.swift in Sources */ = {isa = PBXBuildFile; fileRef = 4485CEB629E536A200CF31DE /* CompletedGrievanceVC.swift */; };
		4485CEB929E536BC00CF31DE /* ReportedGrievanceVC.swift in Sources */ = {isa = PBXBuildFile; fileRef = 4485CEB829E536BC00CF31DE /* ReportedGrievanceVC.swift */; };
		4485CEBB29E536D300CF31DE /* RecheckGrievanceVC.swift in Sources */ = {isa = PBXBuildFile; fileRef = 4485CEBA29E536D300CF31DE /* RecheckGrievanceVC.swift */; };
		4485CEBD29E536EA00CF31DE /* AssignedGrievanceVC.swift in Sources */ = {isa = PBXBuildFile; fileRef = 4485CEBC29E536EA00CF31DE /* AssignedGrievanceVC.swift */; };
		4485CEBF29E5371300CF31DE /* AssignedGrievanceCell.swift in Sources */ = {isa = PBXBuildFile; fileRef = 4485CEBE29E5371300CF31DE /* AssignedGrievanceCell.swift */; };
		4485CEC129E5372500CF31DE /* RecheckGrievanceCell.swift in Sources */ = {isa = PBXBuildFile; fileRef = 4485CEC029E5372500CF31DE /* RecheckGrievanceCell.swift */; };
		4485CEC329E5374100CF31DE /* ReportedGrievanceCell.swift in Sources */ = {isa = PBXBuildFile; fileRef = 4485CEC229E5374100CF31DE /* ReportedGrievanceCell.swift */; };
		4485CEC529E5375B00CF31DE /* CompletedGrievanceCell.swift in Sources */ = {isa = PBXBuildFile; fileRef = 4485CEC429E5375B00CF31DE /* CompletedGrievanceCell.swift */; };
		4485CED129E591E000CF31DE /* HeritageTableViewCell.swift in Sources */ = {isa = PBXBuildFile; fileRef = 4485CED029E591E000CF31DE /* HeritageTableViewCell.swift */; };
		4485CED329E5935600CF31DE /* HeritageViewController.swift in Sources */ = {isa = PBXBuildFile; fileRef = 4485CED229E5935600CF31DE /* HeritageViewController.swift */; };
		44A1075029E28D6A0017084C /* MyProfileVC.swift in Sources */ = {isa = PBXBuildFile; fileRef = 44A1074F29E28D6A0017084C /* MyProfileVC.swift */; };
		44A1075229E3181C0017084C /* FilterLandInfoVC.swift in Sources */ = {isa = PBXBuildFile; fileRef = 44A1075129E3181C0017084C /* FilterLandInfoVC.swift */; };
		44A1075629E332D40017084C /* ChangePasswordVC.swift in Sources */ = {isa = PBXBuildFile; fileRef = 44A1075529E332D40017084C /* ChangePasswordVC.swift */; };
		DB23B2626D8C2DAAF57F39CB /* Pods_OSDI.framework in Frameworks */ = {isa = PBXBuildFile; fileRef = 65BA8CAE25E60D59E31EAD1D /* Pods_OSDI.framework */; };
/* End PBXBuildFile section */

/* Begin PBXContainerItemProxy section */
		4460693F29E012DC002F748B /* PBXContainerItemProxy */ = {
			isa = PBXContainerItemProxy;
			containerPortal = 4460692029E012DB002F748B /* Project object */;
			proxyType = 1;
			remoteGlobalIDString = 4460692729E012DB002F748B;
			remoteInfo = OSDI;
		};
		4460694929E012DD002F748B /* PBXContainerItemProxy */ = {
			isa = PBXContainerItemProxy;
			containerPortal = 4460692029E012DB002F748B /* Project object */;
			proxyType = 1;
			remoteGlobalIDString = 4460692729E012DB002F748B;
			remoteInfo = OSDI;
		};
/* End PBXContainerItemProxy section */

/* Begin PBXFileReference section */
		10257124567190C4CAD8E6E7 /* Pods-OSDITests.release.xcconfig */ = {isa = PBXFileReference; includeInIndex = 1; lastKnownFileType = text.xcconfig; name = "Pods-OSDITests.release.xcconfig"; path = "Target Support Files/Pods-OSDITests/Pods-OSDITests.release.xcconfig"; sourceTree = "<group>"; };
		21167323C360904254DFA879 /* Pods-OSDITests.debug.xcconfig */ = {isa = PBXFileReference; includeInIndex = 1; lastKnownFileType = text.xcconfig; name = "Pods-OSDITests.debug.xcconfig"; path = "Target Support Files/Pods-OSDITests/Pods-OSDITests.debug.xcconfig"; sourceTree = "<group>"; };
		4432DDB229ED798800C6AC30 /* LowLyingAreaVC.swift */ = {isa = PBXFileReference; lastKnownFileType = sourcecode.swift; path = LowLyingAreaVC.swift; sourceTree = "<group>"; };
		4432DDB629EE93D200C6AC30 /* LandDeviationVC.swift */ = {isa = PBXFileReference; lastKnownFileType = sourcecode.swift; path = LandDeviationVC.swift; sourceTree = "<group>"; };
		44343ADB29E1488A009D6A80 /* RuralUrbanVC.swift */ = {isa = PBXFileReference; lastKnownFileType = sourcecode.swift; path = RuralUrbanVC.swift; sourceTree = "<group>"; };
		44343ADF29E1E2EC009D6A80 /* DashboardVC.swift */ = {isa = PBXFileReference; lastKnownFileType = sourcecode.swift; path = DashboardVC.swift; sourceTree = "<group>"; };
		44343AE129E1EA14009D6A80 /* LandInfoSystemVC.swift */ = {isa = PBXFileReference; lastKnownFileType = sourcecode.swift; name = LandInfoSystemVC.swift; path = "OSDI/VC/Urban VC/LandInfoSystemVC.swift"; sourceTree = SOURCE_ROOT; };
		44343AE329E1EA60009D6A80 /* Constants.swift */ = {isa = PBXFileReference; lastKnownFileType = sourcecode.swift; path = Constants.swift; sourceTree = "<group>"; };
		4435EFB329EFD0E600CCFBDF /* RoadExtWideningVC.swift */ = {isa = PBXFileReference; lastKnownFileType = sourcecode.swift; path = RoadExtWideningVC.swift; sourceTree = "<group>"; };
		44422AEB29E7ECE900246AB7 /* HeritageMapVC.swift */ = {isa = PBXFileReference; lastKnownFileType = sourcecode.swift; path = HeritageMapVC.swift; sourceTree = "<group>"; };
		4442F28529F650E800BDDB8B /* LandLeaseVC.swift */ = {isa = PBXFileReference; lastKnownFileType = sourcecode.swift; path = LandLeaseVC.swift; sourceTree = "<group>"; };
		44451EA629F25A5F00CBF1D3 /* LandOwnershipVC.swift */ = {isa = PBXFileReference; lastKnownFileType = sourcecode.swift; path = LandOwnershipVC.swift; sourceTree = "<group>"; };
		44451EA829F29F6000CBF1D3 /* GovtLandInfoVC.swift */ = {isa = PBXFileReference; lastKnownFileType = sourcecode.swift; path = GovtLandInfoVC.swift; sourceTree = "<group>"; };
		44451EAA29F2C0FD00CBF1D3 /* GovtLandInfoDetailsVC.swift */ = {isa = PBXFileReference; lastKnownFileType = sourcecode.swift; name = GovtLandInfoDetailsVC.swift; path = "OSDI/VC/Rural VC/GovtLandInfoDetailsVC.swift"; sourceTree = SOURCE_ROOT; };
		44451EAC29F2C13E00CBF1D3 /* GovtLandInfoCell.swift */ = {isa = PBXFileReference; lastKnownFileType = sourcecode.swift; path = GovtLandInfoCell.swift; sourceTree = "<group>"; };
		44457FCD29ED1AB000A5BC7E /* ViewDetailsHeritageVC.swift */ = {isa = PBXFileReference; lastKnownFileType = sourcecode.swift; path = ViewDetailsHeritageVC.swift; sourceTree = "<group>"; };
		44457FCF29ED1B0400A5BC7E /* HeriViewDetailsCell.swift */ = {isa = PBXFileReference; lastKnownFileType = sourcecode.swift; path = HeriViewDetailsCell.swift; sourceTree = "<group>"; };
		44457FD129ED26EF00A5BC7E /* FilterMapHeritageVC.swift */ = {isa = PBXFileReference; lastKnownFileType = sourcecode.swift; path = FilterMapHeritageVC.swift; sourceTree = "<group>"; };
		44457FD329ED502D00A5BC7E /* SolidWasteCollectionVC.swift */ = {isa = PBXFileReference; lastKnownFileType = sourcecode.swift; path = SolidWasteCollectionVC.swift; sourceTree = "<group>"; };
		44457FD529ED51F900A5BC7E /* FilterRouteVC.swift */ = {isa = PBXFileReference; lastKnownFileType = sourcecode.swift; path = FilterRouteVC.swift; sourceTree = "<group>"; };
		4455754C29F79A650086B427 /* UtilityInfraVC.swift */ = {isa = PBXFileReference; lastKnownFileType = sourcecode.swift; path = UtilityInfraVC.swift; sourceTree = "<group>"; };
		4455754E29F7AC0D0086B427 /* CoalBlockVC.swift */ = {isa = PBXFileReference; lastKnownFileType = sourcecode.swift; path = CoalBlockVC.swift; sourceTree = "<group>"; };
		4455755029F7AC290086B427 /* FarmLandVC.swift */ = {isa = PBXFileReference; lastKnownFileType = sourcecode.swift; path = FarmLandVC.swift; sourceTree = "<group>"; };
		4460692829E012DB002F748B /* OSDI.app */ = {isa = PBXFileReference; explicitFileType = wrapper.application; includeInIndex = 0; path = OSDI.app; sourceTree = BUILT_PRODUCTS_DIR; };
		4460692B29E012DB002F748B /* AppDelegate.swift */ = {isa = PBXFileReference; lastKnownFileType = sourcecode.swift; path = AppDelegate.swift; sourceTree = "<group>"; };
		4460692D29E012DB002F748B /* SceneDelegate.swift */ = {isa = PBXFileReference; lastKnownFileType = sourcecode.swift; path = SceneDelegate.swift; sourceTree = "<group>"; };
		4460693229E012DB002F748B /* Base */ = {isa = PBXFileReference; lastKnownFileType = file.storyboard; name = Base; path = Base.lproj/Main.storyboard; sourceTree = "<group>"; };
		4460693429E012DC002F748B /* Assets.xcassets */ = {isa = PBXFileReference; lastKnownFileType = folder.assetcatalog; path = Assets.xcassets; sourceTree = "<group>"; };
		4460693729E012DC002F748B /* Base */ = {isa = PBXFileReference; lastKnownFileType = file.storyboard; name = Base; path = Base.lproj/LaunchScreen.storyboard; sourceTree = "<group>"; };
		4460693929E012DC002F748B /* Info.plist */ = {isa = PBXFileReference; lastKnownFileType = text.plist.xml; path = Info.plist; sourceTree = "<group>"; };
		4460693E29E012DC002F748B /* OSDITests.xctest */ = {isa = PBXFileReference; explicitFileType = wrapper.cfbundle; includeInIndex = 0; path = OSDITests.xctest; sourceTree = BUILT_PRODUCTS_DIR; };
		4460694229E012DC002F748B /* OSDITests.swift */ = {isa = PBXFileReference; lastKnownFileType = sourcecode.swift; path = OSDITests.swift; sourceTree = "<group>"; };
		4460694829E012DD002F748B /* OSDIUITests.xctest */ = {isa = PBXFileReference; explicitFileType = wrapper.cfbundle; includeInIndex = 0; path = OSDIUITests.xctest; sourceTree = BUILT_PRODUCTS_DIR; };
		4460694C29E012DD002F748B /* OSDIUITests.swift */ = {isa = PBXFileReference; lastKnownFileType = sourcecode.swift; path = OSDIUITests.swift; sourceTree = "<group>"; };
		4460694E29E012DD002F748B /* OSDIUITestsLaunchTests.swift */ = {isa = PBXFileReference; lastKnownFileType = sourcecode.swift; path = OSDIUITestsLaunchTests.swift; sourceTree = "<group>"; };
		4460695E29E015E2002F748B /* LoginViewController.swift */ = {isa = PBXFileReference; lastKnownFileType = sourcecode.swift; path = LoginViewController.swift; sourceTree = "<group>"; };
		4460696129E09D3F002F748B /* CustomTextField.swift */ = {isa = PBXFileReference; lastKnownFileType = sourcecode.swift; path = CustomTextField.swift; sourceTree = "<group>"; };
		446AAD1D29F682A2001CE379 /* LandAcquisitionVC.swift */ = {isa = PBXFileReference; lastKnownFileType = sourcecode.swift; path = LandAcquisitionVC.swift; sourceTree = "<group>"; };
		446AAD1F29F68E02001CE379 /* SocialInfraVC.swift */ = {isa = PBXFileReference; lastKnownFileType = sourcecode.swift; path = SocialInfraVC.swift; sourceTree = "<group>"; };
		446E98AE29E3EABE00B29B47 /* GrievanceManagementVC.swift */ = {isa = PBXFileReference; lastKnownFileType = sourcecode.swift; name = GrievanceManagementVC.swift; path = "OSDI/VC/Urban VC/GrievanceManagementVC.swift"; sourceTree = SOURCE_ROOT; };
		446E98B429E4111A00B29B47 /* CustomButton.swift */ = {isa = PBXFileReference; lastKnownFileType = sourcecode.swift; path = CustomButton.swift; sourceTree = "<group>"; };
		446E98B629E4165300B29B47 /* TotalGrievanceVC.swift */ = {isa = PBXFileReference; lastKnownFileType = sourcecode.swift; name = TotalGrievanceVC.swift; path = "OSDI/VC/Urban VC/TotalGrievanceVC.swift"; sourceTree = SOURCE_ROOT; };
		4476702929F120D1001C748C /* RuralDashBoardVC.swift */ = {isa = PBXFileReference; lastKnownFileType = sourcecode.swift; path = RuralDashBoardVC.swift; sourceTree = "<group>"; };
		447846C529E440B000C9B3E7 /* TotalGrievanceCell.swift */ = {isa = PBXFileReference; lastKnownFileType = sourcecode.swift; path = TotalGrievanceCell.swift; sourceTree = "<group>"; };
		4485CEB229E5364100CF31DE /* PendingGrievanceCell.swift */ = {isa = PBXFileReference; lastKnownFileType = sourcecode.swift; path = PendingGrievanceCell.swift; sourceTree = "<group>"; };
		4485CEB429E5367D00CF31DE /* PendingGrievanceVC.swift */ = {isa = PBXFileReference; lastKnownFileType = sourcecode.swift; path = PendingGrievanceVC.swift; sourceTree = "<group>"; };
		4485CEB629E536A200CF31DE /* CompletedGrievanceVC.swift */ = {isa = PBXFileReference; lastKnownFileType = sourcecode.swift; path = CompletedGrievanceVC.swift; sourceTree = "<group>"; };
		4485CEB829E536BC00CF31DE /* ReportedGrievanceVC.swift */ = {isa = PBXFileReference; lastKnownFileType = sourcecode.swift; path = ReportedGrievanceVC.swift; sourceTree = "<group>"; };
		4485CEBA29E536D300CF31DE /* RecheckGrievanceVC.swift */ = {isa = PBXFileReference; lastKnownFileType = sourcecode.swift; path = RecheckGrievanceVC.swift; sourceTree = "<group>"; };
		4485CEBC29E536EA00CF31DE /* AssignedGrievanceVC.swift */ = {isa = PBXFileReference; lastKnownFileType = sourcecode.swift; path = AssignedGrievanceVC.swift; sourceTree = "<group>"; };
		4485CEBE29E5371300CF31DE /* AssignedGrievanceCell.swift */ = {isa = PBXFileReference; lastKnownFileType = sourcecode.swift; path = AssignedGrievanceCell.swift; sourceTree = "<group>"; };
		4485CEC029E5372500CF31DE /* RecheckGrievanceCell.swift */ = {isa = PBXFileReference; lastKnownFileType = sourcecode.swift; path = RecheckGrievanceCell.swift; sourceTree = "<group>"; };
		4485CEC229E5374100CF31DE /* ReportedGrievanceCell.swift */ = {isa = PBXFileReference; lastKnownFileType = sourcecode.swift; path = ReportedGrievanceCell.swift; sourceTree = "<group>"; };
		4485CEC429E5375B00CF31DE /* CompletedGrievanceCell.swift */ = {isa = PBXFileReference; lastKnownFileType = sourcecode.swift; path = CompletedGrievanceCell.swift; sourceTree = "<group>"; };
		4485CED029E591E000CF31DE /* HeritageTableViewCell.swift */ = {isa = PBXFileReference; lastKnownFileType = sourcecode.swift; path = HeritageTableViewCell.swift; sourceTree = "<group>"; };
		4485CED229E5935600CF31DE /* HeritageViewController.swift */ = {isa = PBXFileReference; lastKnownFileType = sourcecode.swift; path = HeritageViewController.swift; sourceTree = "<group>"; };
		44A1074F29E28D6A0017084C /* MyProfileVC.swift */ = {isa = PBXFileReference; lastKnownFileType = sourcecode.swift; path = MyProfileVC.swift; sourceTree = "<group>"; };
		44A1075129E3181C0017084C /* FilterLandInfoVC.swift */ = {isa = PBXFileReference; lastKnownFileType = sourcecode.swift; path = FilterLandInfoVC.swift; sourceTree = "<group>"; };
		44A1075529E332D40017084C /* ChangePasswordVC.swift */ = {isa = PBXFileReference; lastKnownFileType = sourcecode.swift; path = ChangePasswordVC.swift; sourceTree = "<group>"; };
		65BA8CAE25E60D59E31EAD1D /* Pods_OSDI.framework */ = {isa = PBXFileReference; explicitFileType = wrapper.framework; includeInIndex = 0; path = Pods_OSDI.framework; sourceTree = BUILT_PRODUCTS_DIR; };
		8CE53DC3C9FCCD081042C0B1 /* Pods_OSDITests.framework */ = {isa = PBXFileReference; explicitFileType = wrapper.framework; includeInIndex = 0; path = Pods_OSDITests.framework; sourceTree = BUILT_PRODUCTS_DIR; };
		AB919070490AC9F4740E5B3E /* Pods-OSDI.debug.xcconfig */ = {isa = PBXFileReference; includeInIndex = 1; lastKnownFileType = text.xcconfig; name = "Pods-OSDI.debug.xcconfig"; path = "Target Support Files/Pods-OSDI/Pods-OSDI.debug.xcconfig"; sourceTree = "<group>"; };
		B75A3986551E242698FA7E9E /* Pods-OSDI-OSDIUITests.debug.xcconfig */ = {isa = PBXFileReference; includeInIndex = 1; lastKnownFileType = text.xcconfig; name = "Pods-OSDI-OSDIUITests.debug.xcconfig"; path = "Target Support Files/Pods-OSDI-OSDIUITests/Pods-OSDI-OSDIUITests.debug.xcconfig"; sourceTree = "<group>"; };
		D856369C6B450E453106A802 /* Pods-OSDI-OSDIUITests.release.xcconfig */ = {isa = PBXFileReference; includeInIndex = 1; lastKnownFileType = text.xcconfig; name = "Pods-OSDI-OSDIUITests.release.xcconfig"; path = "Target Support Files/Pods-OSDI-OSDIUITests/Pods-OSDI-OSDIUITests.release.xcconfig"; sourceTree = "<group>"; };
		DEE1FE5F20399E384E6DBF09 /* Pods_OSDI_OSDIUITests.framework */ = {isa = PBXFileReference; explicitFileType = wrapper.framework; includeInIndex = 0; path = Pods_OSDI_OSDIUITests.framework; sourceTree = BUILT_PRODUCTS_DIR; };
		E61019085AAC5EA1AAE56DA2 /* Pods-OSDI.release.xcconfig */ = {isa = PBXFileReference; includeInIndex = 1; lastKnownFileType = text.xcconfig; name = "Pods-OSDI.release.xcconfig"; path = "Target Support Files/Pods-OSDI/Pods-OSDI.release.xcconfig"; sourceTree = "<group>"; };
/* End PBXFileReference section */

/* Begin PBXFrameworksBuildPhase section */
		4460692529E012DB002F748B /* Frameworks */ = {
			isa = PBXFrameworksBuildPhase;
			buildActionMask = 2147483647;
			files = (
				DB23B2626D8C2DAAF57F39CB /* Pods_OSDI.framework in Frameworks */,
			);
			runOnlyForDeploymentPostprocessing = 0;
		};
		4460693B29E012DC002F748B /* Frameworks */ = {
			isa = PBXFrameworksBuildPhase;
			buildActionMask = 2147483647;
			files = (
				34CE804B047DA9DEE0B0FAB9 /* Pods_OSDITests.framework in Frameworks */,
			);
			runOnlyForDeploymentPostprocessing = 0;
		};
		4460694529E012DD002F748B /* Frameworks */ = {
			isa = PBXFrameworksBuildPhase;
			buildActionMask = 2147483647;
			files = (
				35594FF995D8A8D6E58556BE /* Pods_OSDI_OSDIUITests.framework in Frameworks */,
			);
			runOnlyForDeploymentPostprocessing = 0;
		};
/* End PBXFrameworksBuildPhase section */

/* Begin PBXGroup section */
		38468D01DCEC177B40DA646E /* Frameworks */ = {
			isa = PBXGroup;
			children = (
				65BA8CAE25E60D59E31EAD1D /* Pods_OSDI.framework */,
				DEE1FE5F20399E384E6DBF09 /* Pods_OSDI_OSDIUITests.framework */,
				8CE53DC3C9FCCD081042C0B1 /* Pods_OSDITests.framework */,
			);
			name = Frameworks;
			sourceTree = "<group>";
		};
		4460691F29E012DB002F748B = {
			isa = PBXGroup;
			children = (
				4460692A29E012DB002F748B /* OSDI */,
				4460694129E012DC002F748B /* OSDITests */,
				4460694B29E012DD002F748B /* OSDIUITests */,
				4460692929E012DB002F748B /* Products */,
				D225BE891D14D967FC5C274B /* Pods */,
				38468D01DCEC177B40DA646E /* Frameworks */,
			);
			sourceTree = "<group>";
		};
		4460692929E012DB002F748B /* Products */ = {
			isa = PBXGroup;
			children = (
				4460692829E012DB002F748B /* OSDI.app */,
				4460693E29E012DC002F748B /* OSDITests.xctest */,
				4460694829E012DD002F748B /* OSDIUITests.xctest */,
			);
			name = Products;
			sourceTree = "<group>";
		};
		4460692A29E012DB002F748B /* OSDI */ = {
			isa = PBXGroup;
			children = (
				447846C429E43FCE00C9B3E7 /* CollectionView */,
				4460696029E09CDC002F748B /* Utili */,
				4460695D29E015B0002F748B /* VC */,
				4460692B29E012DB002F748B /* AppDelegate.swift */,
				4460692D29E012DB002F748B /* SceneDelegate.swift */,
				4460693129E012DB002F748B /* Main.storyboard */,
				4460693429E012DC002F748B /* Assets.xcassets */,
				4460693629E012DC002F748B /* LaunchScreen.storyboard */,
				4460693929E012DC002F748B /* Info.plist */,
			);
			path = OSDI;
			sourceTree = "<group>";
		};
		4460694129E012DC002F748B /* OSDITests */ = {
			isa = PBXGroup;
			children = (
				4460694229E012DC002F748B /* OSDITests.swift */,
			);
			path = OSDITests;
			sourceTree = "<group>";
		};
		4460694B29E012DD002F748B /* OSDIUITests */ = {
			isa = PBXGroup;
			children = (
				4460694C29E012DD002F748B /* OSDIUITests.swift */,
				4460694E29E012DD002F748B /* OSDIUITestsLaunchTests.swift */,
			);
			path = OSDIUITests;
			sourceTree = "<group>";
		};
		4460695D29E015B0002F748B /* VC */ = {
			isa = PBXGroup;
			children = (
				446AAD1C29F68209001CE379 /* Urban VC */,
				446AAD1B29F68168001CE379 /* Rural VC */,
				4460695E29E015E2002F748B /* LoginViewController.swift */,
				44343ADB29E1488A009D6A80 /* RuralUrbanVC.swift */,
				44A1074F29E28D6A0017084C /* MyProfileVC.swift */,
				44A1075529E332D40017084C /* ChangePasswordVC.swift */,
			);
			path = VC;
			sourceTree = "<group>";
		};
		4460696029E09CDC002F748B /* Utili */ = {
			isa = PBXGroup;
			children = (
				4460696129E09D3F002F748B /* CustomTextField.swift */,
				44343AE329E1EA60009D6A80 /* Constants.swift */,
				446E98B429E4111A00B29B47 /* CustomButton.swift */,
			);
			path = Utili;
			sourceTree = "<group>";
		};
		446AAD1B29F68168001CE379 /* Rural VC */ = {
			isa = PBXGroup;
			children = (
				4476702929F120D1001C748C /* RuralDashBoardVC.swift */,
				44451EA629F25A5F00CBF1D3 /* LandOwnershipVC.swift */,
				44451EA829F29F6000CBF1D3 /* GovtLandInfoVC.swift */,
				44451EAA29F2C0FD00CBF1D3 /* GovtLandInfoDetailsVC.swift */,
				4442F28529F650E800BDDB8B /* LandLeaseVC.swift */,
				446AAD1D29F682A2001CE379 /* LandAcquisitionVC.swift */,
				446AAD1F29F68E02001CE379 /* SocialInfraVC.swift */,
				4455754C29F79A650086B427 /* UtilityInfraVC.swift */,
				4455754E29F7AC0D0086B427 /* CoalBlockVC.swift */,
				4455755029F7AC290086B427 /* FarmLandVC.swift */,
			);
			path = "Rural VC";
			sourceTree = "<group>";
		};
		446AAD1C29F68209001CE379 /* Urban VC */ = {
			isa = PBXGroup;
			children = (
				44343ADF29E1E2EC009D6A80 /* DashboardVC.swift */,
				446E98AE29E3EABE00B29B47 /* GrievanceManagementVC.swift */,
				44343AE129E1EA14009D6A80 /* LandInfoSystemVC.swift */,
				44A1075129E3181C0017084C /* FilterLandInfoVC.swift */,
				446E98B629E4165300B29B47 /* TotalGrievanceVC.swift */,
				4485CEB429E5367D00CF31DE /* PendingGrievanceVC.swift */,
				4485CEB829E536BC00CF31DE /* ReportedGrievanceVC.swift */,
				4485CEB629E536A200CF31DE /* CompletedGrievanceVC.swift */,
				4485CEBA29E536D300CF31DE /* RecheckGrievanceVC.swift */,
				4485CEBC29E536EA00CF31DE /* AssignedGrievanceVC.swift */,
				4485CED029E591E000CF31DE /* HeritageTableViewCell.swift */,
				4485CED229E5935600CF31DE /* HeritageViewController.swift */,
				44422AEB29E7ECE900246AB7 /* HeritageMapVC.swift */,
				44457FCD29ED1AB000A5BC7E /* ViewDetailsHeritageVC.swift */,
				44457FD129ED26EF00A5BC7E /* FilterMapHeritageVC.swift */,
				44457FD329ED502D00A5BC7E /* SolidWasteCollectionVC.swift */,
				44457FD529ED51F900A5BC7E /* FilterRouteVC.swift */,
				4432DDB229ED798800C6AC30 /* LowLyingAreaVC.swift */,
				4432DDB629EE93D200C6AC30 /* LandDeviationVC.swift */,
				4435EFB329EFD0E600CCFBDF /* RoadExtWideningVC.swift */,
			);
			path = "Urban VC";
			sourceTree = "<group>";
		};
		447846C429E43FCE00C9B3E7 /* CollectionView */ = {
			isa = PBXGroup;
			children = (
				447846C529E440B000C9B3E7 /* TotalGrievanceCell.swift */,
				4485CEB229E5364100CF31DE /* PendingGrievanceCell.swift */,
				4485CEBE29E5371300CF31DE /* AssignedGrievanceCell.swift */,
				4485CEC029E5372500CF31DE /* RecheckGrievanceCell.swift */,
				4485CEC229E5374100CF31DE /* ReportedGrievanceCell.swift */,
				4485CEC429E5375B00CF31DE /* CompletedGrievanceCell.swift */,
				44457FCF29ED1B0400A5BC7E /* HeriViewDetailsCell.swift */,
				44451EAC29F2C13E00CBF1D3 /* GovtLandInfoCell.swift */,
			);
			path = CollectionView;
			sourceTree = "<group>";
		};
		D225BE891D14D967FC5C274B /* Pods */ = {
			isa = PBXGroup;
			children = (
				AB919070490AC9F4740E5B3E /* Pods-OSDI.debug.xcconfig */,
				E61019085AAC5EA1AAE56DA2 /* Pods-OSDI.release.xcconfig */,
				B75A3986551E242698FA7E9E /* Pods-OSDI-OSDIUITests.debug.xcconfig */,
				D856369C6B450E453106A802 /* Pods-OSDI-OSDIUITests.release.xcconfig */,
				21167323C360904254DFA879 /* Pods-OSDITests.debug.xcconfig */,
				10257124567190C4CAD8E6E7 /* Pods-OSDITests.release.xcconfig */,
			);
			path = Pods;
			sourceTree = "<group>";
		};
/* End PBXGroup section */

/* Begin PBXNativeTarget section */
		4460692729E012DB002F748B /* OSDI */ = {
			isa = PBXNativeTarget;
			buildConfigurationList = 4460695229E012DD002F748B /* Build configuration list for PBXNativeTarget "OSDI" */;
			buildPhases = (
				81D25A7F1E7E8127DAD35D6A /* [CP] Check Pods Manifest.lock */,
				4460692429E012DB002F748B /* Sources */,
				4460692529E012DB002F748B /* Frameworks */,
				4460692629E012DB002F748B /* Resources */,
				D88EA90C0856E32CF6127004 /* [CP] Embed Pods Frameworks */,
				A2275FA4E61782BD36972DB9 /* [CP] Copy Pods Resources */,
			);
			buildRules = (
			);
			dependencies = (
			);
			name = OSDI;
			productName = OSDI;
			productReference = 4460692829E012DB002F748B /* OSDI.app */;
			productType = "com.apple.product-type.application";
		};
		4460693D29E012DC002F748B /* OSDITests */ = {
			isa = PBXNativeTarget;
			buildConfigurationList = 4460695529E012DD002F748B /* Build configuration list for PBXNativeTarget "OSDITests" */;
			buildPhases = (
				EB5899BBBD4816136E74582B /* [CP] Check Pods Manifest.lock */,
				4460693A29E012DC002F748B /* Sources */,
				4460693B29E012DC002F748B /* Frameworks */,
				4460693C29E012DC002F748B /* Resources */,
			);
			buildRules = (
			);
			dependencies = (
				4460694029E012DC002F748B /* PBXTargetDependency */,
			);
			name = OSDITests;
			productName = OSDITests;
			productReference = 4460693E29E012DC002F748B /* OSDITests.xctest */;
			productType = "com.apple.product-type.bundle.unit-test";
		};
		4460694729E012DD002F748B /* OSDIUITests */ = {
			isa = PBXNativeTarget;
			buildConfigurationList = 4460695829E012DD002F748B /* Build configuration list for PBXNativeTarget "OSDIUITests" */;
			buildPhases = (
				C85B3960EFDA6D5B01CD3030 /* [CP] Check Pods Manifest.lock */,
				4460694429E012DD002F748B /* Sources */,
				4460694529E012DD002F748B /* Frameworks */,
				4460694629E012DD002F748B /* Resources */,
				073A187F8680EAEFCB8648D1 /* [CP] Embed Pods Frameworks */,
				171AB52C5535BB887765BB15 /* [CP] Copy Pods Resources */,
			);
			buildRules = (
			);
			dependencies = (
				4460694A29E012DD002F748B /* PBXTargetDependency */,
			);
			name = OSDIUITests;
			productName = OSDIUITests;
			productReference = 4460694829E012DD002F748B /* OSDIUITests.xctest */;
			productType = "com.apple.product-type.bundle.ui-testing";
		};
/* End PBXNativeTarget section */

/* Begin PBXProject section */
		4460692029E012DB002F748B /* Project object */ = {
			isa = PBXProject;
			attributes = {
				BuildIndependentTargetsInParallel = 1;
				LastSwiftUpdateCheck = 1340;
				LastUpgradeCheck = 1340;
				TargetAttributes = {
					4460692729E012DB002F748B = {
						CreatedOnToolsVersion = 13.4.1;
					};
					4460693D29E012DC002F748B = {
						CreatedOnToolsVersion = 13.4.1;
						TestTargetID = 4460692729E012DB002F748B;
					};
					4460694729E012DD002F748B = {
						CreatedOnToolsVersion = 13.4.1;
						TestTargetID = 4460692729E012DB002F748B;
					};
				};
			};
			buildConfigurationList = 4460692329E012DB002F748B /* Build configuration list for PBXProject "OSDI" */;
			compatibilityVersion = "Xcode 13.0";
			developmentRegion = en;
			hasScannedForEncodings = 0;
			knownRegions = (
				en,
				Base,
			);
			mainGroup = 4460691F29E012DB002F748B;
			productRefGroup = 4460692929E012DB002F748B /* Products */;
			projectDirPath = "";
			projectRoot = "";
			targets = (
				4460692729E012DB002F748B /* OSDI */,
				4460693D29E012DC002F748B /* OSDITests */,
				4460694729E012DD002F748B /* OSDIUITests */,
			);
		};
/* End PBXProject section */

/* Begin PBXResourcesBuildPhase section */
		4460692629E012DB002F748B /* Resources */ = {
			isa = PBXResourcesBuildPhase;
			buildActionMask = 2147483647;
			files = (
				4460693829E012DC002F748B /* LaunchScreen.storyboard in Resources */,
				4460693529E012DC002F748B /* Assets.xcassets in Resources */,
				4460693329E012DB002F748B /* Main.storyboard in Resources */,
			);
			runOnlyForDeploymentPostprocessing = 0;
		};
		4460693C29E012DC002F748B /* Resources */ = {
			isa = PBXResourcesBuildPhase;
			buildActionMask = 2147483647;
			files = (
			);
			runOnlyForDeploymentPostprocessing = 0;
		};
		4460694629E012DD002F748B /* Resources */ = {
			isa = PBXResourcesBuildPhase;
			buildActionMask = 2147483647;
			files = (
			);
			runOnlyForDeploymentPostprocessing = 0;
		};
/* End PBXResourcesBuildPhase section */

/* Begin PBXShellScriptBuildPhase section */
		073A187F8680EAEFCB8648D1 /* [CP] Embed Pods Frameworks */ = {
			isa = PBXShellScriptBuildPhase;
			buildActionMask = 2147483647;
			files = (
			);
			inputFileListPaths = (
				"${PODS_ROOT}/Target Support Files/Pods-OSDI-OSDIUITests/Pods-OSDI-OSDIUITests-frameworks-${CONFIGURATION}-input-files.xcfilelist",
			);
			name = "[CP] Embed Pods Frameworks";
			outputFileListPaths = (
				"${PODS_ROOT}/Target Support Files/Pods-OSDI-OSDIUITests/Pods-OSDI-OSDIUITests-frameworks-${CONFIGURATION}-output-files.xcfilelist",
			);
			runOnlyForDeploymentPostprocessing = 0;
			shellPath = /bin/sh;
			shellScript = "\"${PODS_ROOT}/Target Support Files/Pods-OSDI-OSDIUITests/Pods-OSDI-OSDIUITests-frameworks.sh\"\n";
			showEnvVarsInLog = 0;
		};
		171AB52C5535BB887765BB15 /* [CP] Copy Pods Resources */ = {
			isa = PBXShellScriptBuildPhase;
			buildActionMask = 2147483647;
			files = (
			);
			inputFileListPaths = (
				"${PODS_ROOT}/Target Support Files/Pods-OSDI-OSDIUITests/Pods-OSDI-OSDIUITests-resources-${CONFIGURATION}-input-files.xcfilelist",
			);
			name = "[CP] Copy Pods Resources";
			outputFileListPaths = (
				"${PODS_ROOT}/Target Support Files/Pods-OSDI-OSDIUITests/Pods-OSDI-OSDIUITests-resources-${CONFIGURATION}-output-files.xcfilelist",
			);
			runOnlyForDeploymentPostprocessing = 0;
			shellPath = /bin/sh;
			shellScript = "\"${PODS_ROOT}/Target Support Files/Pods-OSDI-OSDIUITests/Pods-OSDI-OSDIUITests-resources.sh\"\n";
			showEnvVarsInLog = 0;
		};
		81D25A7F1E7E8127DAD35D6A /* [CP] Check Pods Manifest.lock */ = {
			isa = PBXShellScriptBuildPhase;
			buildActionMask = 2147483647;
			files = (
			);
			inputFileListPaths = (
			);
			inputPaths = (
				"${PODS_PODFILE_DIR_PATH}/Podfile.lock",
				"${PODS_ROOT}/Manifest.lock",
			);
			name = "[CP] Check Pods Manifest.lock";
			outputFileListPaths = (
			);
			outputPaths = (
				"$(DERIVED_FILE_DIR)/Pods-OSDI-checkManifestLockResult.txt",
			);
			runOnlyForDeploymentPostprocessing = 0;
			shellPath = /bin/sh;
			shellScript = "diff \"${PODS_PODFILE_DIR_PATH}/Podfile.lock\" \"${PODS_ROOT}/Manifest.lock\" > /dev/null\nif [ $? != 0 ] ; then\n    # print error to STDERR\n    echo \"error: The sandbox is not in sync with the Podfile.lock. Run 'pod install' or update your CocoaPods installation.\" >&2\n    exit 1\nfi\n# This output is used by Xcode 'outputs' to avoid re-running this script phase.\necho \"SUCCESS\" > \"${SCRIPT_OUTPUT_FILE_0}\"\n";
			showEnvVarsInLog = 0;
		};
		A2275FA4E61782BD36972DB9 /* [CP] Copy Pods Resources */ = {
			isa = PBXShellScriptBuildPhase;
			buildActionMask = 2147483647;
			files = (
			);
			inputFileListPaths = (
				"${PODS_ROOT}/Target Support Files/Pods-OSDI/Pods-OSDI-resources-${CONFIGURATION}-input-files.xcfilelist",
			);
			name = "[CP] Copy Pods Resources";
			outputFileListPaths = (
				"${PODS_ROOT}/Target Support Files/Pods-OSDI/Pods-OSDI-resources-${CONFIGURATION}-output-files.xcfilelist",
			);
			runOnlyForDeploymentPostprocessing = 0;
			shellPath = /bin/sh;
			shellScript = "\"${PODS_ROOT}/Target Support Files/Pods-OSDI/Pods-OSDI-resources.sh\"\n";
			showEnvVarsInLog = 0;
		};
		C85B3960EFDA6D5B01CD3030 /* [CP] Check Pods Manifest.lock */ = {
			isa = PBXShellScriptBuildPhase;
			buildActionMask = 2147483647;
			files = (
			);
			inputFileListPaths = (
			);
			inputPaths = (
				"${PODS_PODFILE_DIR_PATH}/Podfile.lock",
				"${PODS_ROOT}/Manifest.lock",
			);
			name = "[CP] Check Pods Manifest.lock";
			outputFileListPaths = (
			);
			outputPaths = (
				"$(DERIVED_FILE_DIR)/Pods-OSDI-OSDIUITests-checkManifestLockResult.txt",
			);
			runOnlyForDeploymentPostprocessing = 0;
			shellPath = /bin/sh;
			shellScript = "diff \"${PODS_PODFILE_DIR_PATH}/Podfile.lock\" \"${PODS_ROOT}/Manifest.lock\" > /dev/null\nif [ $? != 0 ] ; then\n    # print error to STDERR\n    echo \"error: The sandbox is not in sync with the Podfile.lock. Run 'pod install' or update your CocoaPods installation.\" >&2\n    exit 1\nfi\n# This output is used by Xcode 'outputs' to avoid re-running this script phase.\necho \"SUCCESS\" > \"${SCRIPT_OUTPUT_FILE_0}\"\n";
			showEnvVarsInLog = 0;
		};
		D88EA90C0856E32CF6127004 /* [CP] Embed Pods Frameworks */ = {
			isa = PBXShellScriptBuildPhase;
			buildActionMask = 2147483647;
			files = (
			);
			inputFileListPaths = (
				"${PODS_ROOT}/Target Support Files/Pods-OSDI/Pods-OSDI-frameworks-${CONFIGURATION}-input-files.xcfilelist",
			);
			name = "[CP] Embed Pods Frameworks";
			outputFileListPaths = (
				"${PODS_ROOT}/Target Support Files/Pods-OSDI/Pods-OSDI-frameworks-${CONFIGURATION}-output-files.xcfilelist",
			);
			runOnlyForDeploymentPostprocessing = 0;
			shellPath = /bin/sh;
			shellScript = "\"${PODS_ROOT}/Target Support Files/Pods-OSDI/Pods-OSDI-frameworks.sh\"\n";
			showEnvVarsInLog = 0;
		};
		EB5899BBBD4816136E74582B /* [CP] Check Pods Manifest.lock */ = {
			isa = PBXShellScriptBuildPhase;
			buildActionMask = 2147483647;
			files = (
			);
			inputFileListPaths = (
			);
			inputPaths = (
				"${PODS_PODFILE_DIR_PATH}/Podfile.lock",
				"${PODS_ROOT}/Manifest.lock",
			);
			name = "[CP] Check Pods Manifest.lock";
			outputFileListPaths = (
			);
			outputPaths = (
				"$(DERIVED_FILE_DIR)/Pods-OSDITests-checkManifestLockResult.txt",
			);
			runOnlyForDeploymentPostprocessing = 0;
			shellPath = /bin/sh;
			shellScript = "diff \"${PODS_PODFILE_DIR_PATH}/Podfile.lock\" \"${PODS_ROOT}/Manifest.lock\" > /dev/null\nif [ $? != 0 ] ; then\n    # print error to STDERR\n    echo \"error: The sandbox is not in sync with the Podfile.lock. Run 'pod install' or update your CocoaPods installation.\" >&2\n    exit 1\nfi\n# This output is used by Xcode 'outputs' to avoid re-running this script phase.\necho \"SUCCESS\" > \"${SCRIPT_OUTPUT_FILE_0}\"\n";
			showEnvVarsInLog = 0;
		};
/* End PBXShellScriptBuildPhase section */

/* Begin PBXSourcesBuildPhase section */
		4460692429E012DB002F748B /* Sources */ = {
			isa = PBXSourcesBuildPhase;
			buildActionMask = 2147483647;
			files = (
				446AAD1E29F682A2001CE379 /* LandAcquisitionVC.swift in Sources */,
				44451EAB29F2C0FD00CBF1D3 /* GovtLandInfoDetailsVC.swift in Sources */,
				44343ADC29E1488A009D6A80 /* RuralUrbanVC.swift in Sources */,
				4442F28629F650E800BDDB8B /* LandLeaseVC.swift in Sources */,
				44457FD029ED1B0400A5BC7E /* HeriViewDetailsCell.swift in Sources */,
				4485CEBB29E536D300CF31DE /* RecheckGrievanceVC.swift in Sources */,
				4460695F29E015E2002F748B /* LoginViewController.swift in Sources */,
				4455755129F7AC290086B427 /* FarmLandVC.swift in Sources */,
				44457FCE29ED1AB000A5BC7E /* ViewDetailsHeritageVC.swift in Sources */,
				44451EAD29F2C13E00CBF1D3 /* GovtLandInfoCell.swift in Sources */,
				44451EA729F25A5F00CBF1D3 /* LandOwnershipVC.swift in Sources */,
				4485CEBD29E536EA00CF31DE /* AssignedGrievanceVC.swift in Sources */,
				446E98B729E4165300B29B47 /* TotalGrievanceVC.swift in Sources */,
				4485CEC129E5372500CF31DE /* RecheckGrievanceCell.swift in Sources */,
				4485CEC529E5375B00CF31DE /* CompletedGrievanceCell.swift in Sources */,
				4485CEB929E536BC00CF31DE /* ReportedGrievanceVC.swift in Sources */,
				44A1075029E28D6A0017084C /* MyProfileVC.swift in Sources */,
				4435EFB429EFD0E600CCFBDF /* RoadExtWideningVC.swift in Sources */,
				446E98B529E4111A00B29B47 /* CustomButton.swift in Sources */,
				44422AEC29E7ECE900246AB7 /* HeritageMapVC.swift in Sources */,
				4485CEB729E536A200CF31DE /* CompletedGrievanceVC.swift in Sources */,
				4432DDB329ED798800C6AC30 /* LowLyingAreaVC.swift in Sources */,
				446E98AF29E3EABE00B29B47 /* GrievanceManagementVC.swift in Sources */,
				44457FD229ED26EF00A5BC7E /* FilterMapHeritageVC.swift in Sources */,
				44343AE229E1EA14009D6A80 /* LandInfoSystemVC.swift in Sources */,
				44A1075629E332D40017084C /* ChangePasswordVC.swift in Sources */,
				44343AE029E1E2EC009D6A80 /* DashboardVC.swift in Sources */,
				446AAD2029F68E02001CE379 /* SocialInfraVC.swift in Sources */,
				4432DDB729EE93D200C6AC30 /* LandDeviationVC.swift in Sources */,
				4476702A29F120D1001C748C /* RuralDashBoardVC.swift in Sources */,
				4455754F29F7AC0D0086B427 /* CoalBlockVC.swift in Sources */,
				4460692C29E012DB002F748B /* AppDelegate.swift in Sources */,
				4485CED129E591E000CF31DE /* HeritageTableViewCell.swift in Sources */,
				44A1075229E3181C0017084C /* FilterLandInfoVC.swift in Sources */,
				4485CEB529E5367D00CF31DE /* PendingGrievanceVC.swift in Sources */,
				4485CEBF29E5371300CF31DE /* AssignedGrievanceCell.swift in Sources */,
				4485CED329E5935600CF31DE /* HeritageViewController.swift in Sources */,
				4455754D29F79A650086B427 /* UtilityInfraVC.swift in Sources */,
				4460692E29E012DB002F748B /* SceneDelegate.swift in Sources */,
				4460696229E09D3F002F748B /* CustomTextField.swift in Sources */,
				44457FD429ED502D00A5BC7E /* SolidWasteCollectionVC.swift in Sources */,
				44343AE429E1EA60009D6A80 /* Constants.swift in Sources */,
				4485CEB329E5364100CF31DE /* PendingGrievanceCell.swift in Sources */,
				447846C629E440B000C9B3E7 /* TotalGrievanceCell.swift in Sources */,
				4485CEC329E5374100CF31DE /* ReportedGrievanceCell.swift in Sources */,
				44457FD629ED51F900A5BC7E /* FilterRouteVC.swift in Sources */,
				44451EA929F29F6000CBF1D3 /* GovtLandInfoVC.swift in Sources */,
			);
			runOnlyForDeploymentPostprocessing = 0;
		};
		4460693A29E012DC002F748B /* Sources */ = {
			isa = PBXSourcesBuildPhase;
			buildActionMask = 2147483647;
			files = (
				4460694329E012DC002F748B /* OSDITests.swift in Sources */,
			);
			runOnlyForDeploymentPostprocessing = 0;
		};
		4460694429E012DD002F748B /* Sources */ = {
			isa = PBXSourcesBuildPhase;
			buildActionMask = 2147483647;
			files = (
				4460694D29E012DD002F748B /* OSDIUITests.swift in Sources */,
				4460694F29E012DD002F748B /* OSDIUITestsLaunchTests.swift in Sources */,
			);
			runOnlyForDeploymentPostprocessing = 0;
		};
/* End PBXSourcesBuildPhase section */

/* Begin PBXTargetDependency section */
		4460694029E012DC002F748B /* PBXTargetDependency */ = {
			isa = PBXTargetDependency;
			target = 4460692729E012DB002F748B /* OSDI */;
			targetProxy = 4460693F29E012DC002F748B /* PBXContainerItemProxy */;
		};
		4460694A29E012DD002F748B /* PBXTargetDependency */ = {
			isa = PBXTargetDependency;
			target = 4460692729E012DB002F748B /* OSDI */;
			targetProxy = 4460694929E012DD002F748B /* PBXContainerItemProxy */;
		};
/* End PBXTargetDependency section */

/* Begin PBXVariantGroup section */
		4460693129E012DB002F748B /* Main.storyboard */ = {
			isa = PBXVariantGroup;
			children = (
				4460693229E012DB002F748B /* Base */,
			);
			name = Main.storyboard;
			sourceTree = "<group>";
		};
		4460693629E012DC002F748B /* LaunchScreen.storyboard */ = {
			isa = PBXVariantGroup;
			children = (
				4460693729E012DC002F748B /* Base */,
			);
			name = LaunchScreen.storyboard;
			sourceTree = "<group>";
		};
/* End PBXVariantGroup section */

/* Begin XCBuildConfiguration section */
		4460695029E012DD002F748B /* Debug */ = {
			isa = XCBuildConfiguration;
			buildSettings = {
				ALWAYS_SEARCH_USER_PATHS = NO;
				CLANG_ANALYZER_NONNULL = YES;
				CLANG_ANALYZER_NUMBER_OBJECT_CONVERSION = YES_AGGRESSIVE;
				CLANG_CXX_LANGUAGE_STANDARD = "gnu++17";
				CLANG_ENABLE_MODULES = YES;
				CLANG_ENABLE_OBJC_ARC = YES;
				CLANG_ENABLE_OBJC_WEAK = YES;
				CLANG_WARN_BLOCK_CAPTURE_AUTORELEASING = YES;
				CLANG_WARN_BOOL_CONVERSION = YES;
				CLANG_WARN_COMMA = YES;
				CLANG_WARN_CONSTANT_CONVERSION = YES;
				CLANG_WARN_DEPRECATED_OBJC_IMPLEMENTATIONS = YES;
				CLANG_WARN_DIRECT_OBJC_ISA_USAGE = YES_ERROR;
				CLANG_WARN_DOCUMENTATION_COMMENTS = YES;
				CLANG_WARN_EMPTY_BODY = YES;
				CLANG_WARN_ENUM_CONVERSION = YES;
				CLANG_WARN_INFINITE_RECURSION = YES;
				CLANG_WARN_INT_CONVERSION = YES;
				CLANG_WARN_NON_LITERAL_NULL_CONVERSION = YES;
				CLANG_WARN_OBJC_IMPLICIT_RETAIN_SELF = YES;
				CLANG_WARN_OBJC_LITERAL_CONVERSION = YES;
				CLANG_WARN_OBJC_ROOT_CLASS = YES_ERROR;
				CLANG_WARN_QUOTED_INCLUDE_IN_FRAMEWORK_HEADER = YES;
				CLANG_WARN_RANGE_LOOP_ANALYSIS = YES;
				CLANG_WARN_STRICT_PROTOTYPES = YES;
				CLANG_WARN_SUSPICIOUS_MOVE = YES;
				CLANG_WARN_UNGUARDED_AVAILABILITY = YES_AGGRESSIVE;
				CLANG_WARN_UNREACHABLE_CODE = YES;
				CLANG_WARN__DUPLICATE_METHOD_MATCH = YES;
				COPY_PHASE_STRIP = NO;
				DEBUG_INFORMATION_FORMAT = dwarf;
				ENABLE_STRICT_OBJC_MSGSEND = YES;
				ENABLE_TESTABILITY = YES;
				GCC_C_LANGUAGE_STANDARD = gnu11;
				GCC_DYNAMIC_NO_PIC = NO;
				GCC_NO_COMMON_BLOCKS = YES;
				GCC_OPTIMIZATION_LEVEL = 0;
				GCC_PREPROCESSOR_DEFINITIONS = (
					"DEBUG=1",
					"$(inherited)",
				);
				GCC_WARN_64_TO_32_BIT_CONVERSION = YES;
				GCC_WARN_ABOUT_RETURN_TYPE = YES_ERROR;
				GCC_WARN_UNDECLARED_SELECTOR = YES;
				GCC_WARN_UNINITIALIZED_AUTOS = YES_AGGRESSIVE;
				GCC_WARN_UNUSED_FUNCTION = YES;
				GCC_WARN_UNUSED_VARIABLE = YES;
				IPHONEOS_DEPLOYMENT_TARGET = 15.5;
				MTL_ENABLE_DEBUG_INFO = INCLUDE_SOURCE;
				MTL_FAST_MATH = YES;
				ONLY_ACTIVE_ARCH = YES;
				SDKROOT = iphoneos;
				SWIFT_ACTIVE_COMPILATION_CONDITIONS = DEBUG;
				SWIFT_OPTIMIZATION_LEVEL = "-Onone";
			};
			name = Debug;
		};
		4460695129E012DD002F748B /* Release */ = {
			isa = XCBuildConfiguration;
			buildSettings = {
				ALWAYS_SEARCH_USER_PATHS = NO;
				CLANG_ANALYZER_NONNULL = YES;
				CLANG_ANALYZER_NUMBER_OBJECT_CONVERSION = YES_AGGRESSIVE;
				CLANG_CXX_LANGUAGE_STANDARD = "gnu++17";
				CLANG_ENABLE_MODULES = YES;
				CLANG_ENABLE_OBJC_ARC = YES;
				CLANG_ENABLE_OBJC_WEAK = YES;
				CLANG_WARN_BLOCK_CAPTURE_AUTORELEASING = YES;
				CLANG_WARN_BOOL_CONVERSION = YES;
				CLANG_WARN_COMMA = YES;
				CLANG_WARN_CONSTANT_CONVERSION = YES;
				CLANG_WARN_DEPRECATED_OBJC_IMPLEMENTATIONS = YES;
				CLANG_WARN_DIRECT_OBJC_ISA_USAGE = YES_ERROR;
				CLANG_WARN_DOCUMENTATION_COMMENTS = YES;
				CLANG_WARN_EMPTY_BODY = YES;
				CLANG_WARN_ENUM_CONVERSION = YES;
				CLANG_WARN_INFINITE_RECURSION = YES;
				CLANG_WARN_INT_CONVERSION = YES;
				CLANG_WARN_NON_LITERAL_NULL_CONVERSION = YES;
				CLANG_WARN_OBJC_IMPLICIT_RETAIN_SELF = YES;
				CLANG_WARN_OBJC_LITERAL_CONVERSION = YES;
				CLANG_WARN_OBJC_ROOT_CLASS = YES_ERROR;
				CLANG_WARN_QUOTED_INCLUDE_IN_FRAMEWORK_HEADER = YES;
				CLANG_WARN_RANGE_LOOP_ANALYSIS = YES;
				CLANG_WARN_STRICT_PROTOTYPES = YES;
				CLANG_WARN_SUSPICIOUS_MOVE = YES;
				CLANG_WARN_UNGUARDED_AVAILABILITY = YES_AGGRESSIVE;
				CLANG_WARN_UNREACHABLE_CODE = YES;
				CLANG_WARN__DUPLICATE_METHOD_MATCH = YES;
				COPY_PHASE_STRIP = NO;
				DEBUG_INFORMATION_FORMAT = "dwarf-with-dsym";
				ENABLE_NS_ASSERTIONS = NO;
				ENABLE_STRICT_OBJC_MSGSEND = YES;
				GCC_C_LANGUAGE_STANDARD = gnu11;
				GCC_NO_COMMON_BLOCKS = YES;
				GCC_WARN_64_TO_32_BIT_CONVERSION = YES;
				GCC_WARN_ABOUT_RETURN_TYPE = YES_ERROR;
				GCC_WARN_UNDECLARED_SELECTOR = YES;
				GCC_WARN_UNINITIALIZED_AUTOS = YES_AGGRESSIVE;
				GCC_WARN_UNUSED_FUNCTION = YES;
				GCC_WARN_UNUSED_VARIABLE = YES;
				IPHONEOS_DEPLOYMENT_TARGET = 15.5;
				MTL_ENABLE_DEBUG_INFO = NO;
				MTL_FAST_MATH = YES;
				SDKROOT = iphoneos;
				SWIFT_COMPILATION_MODE = wholemodule;
				SWIFT_OPTIMIZATION_LEVEL = "-O";
				VALIDATE_PRODUCT = YES;
			};
			name = Release;
		};
		4460695329E012DD002F748B /* Debug */ = {
			isa = XCBuildConfiguration;
			baseConfigurationReference = AB919070490AC9F4740E5B3E /* Pods-OSDI.debug.xcconfig */;
			buildSettings = {
				ASSETCATALOG_COMPILER_APPICON_NAME = AppIcon;
				ASSETCATALOG_COMPILER_GLOBAL_ACCENT_COLOR_NAME = AccentColor;
				CODE_SIGN_STYLE = Automatic;
				CURRENT_PROJECT_VERSION = 1;
				DEVELOPMENT_TEAM = D7HSLG3FT2;
				GENERATE_INFOPLIST_FILE = YES;
				INFOPLIST_FILE = OSDI/Info.plist;
				INFOPLIST_KEY_NSCameraUsageDescription = "OSDI: requires to access your camera to capture images";
				INFOPLIST_KEY_NSLocationAlwaysAndWhenInUseUsageDescription = "Always mode is recommended for this app for improved location tracking";
				INFOPLIST_KEY_NSLocationWhenInUseUsageDescription = "The applicatioin uses this information to show you your location";
				INFOPLIST_KEY_UIApplicationSupportsIndirectInputEvents = YES;
				INFOPLIST_KEY_UILaunchStoryboardName = LaunchScreen;
				INFOPLIST_KEY_UIMainStoryboardFile = Main;
				INFOPLIST_KEY_UISupportedInterfaceOrientations_iPad = "UIInterfaceOrientationPortrait UIInterfaceOrientationPortraitUpsideDown UIInterfaceOrientationLandscapeLeft UIInterfaceOrientationLandscapeRight";
				INFOPLIST_KEY_UISupportedInterfaceOrientations_iPhone = "UIInterfaceOrientationPortrait UIInterfaceOrientationLandscapeLeft UIInterfaceOrientationLandscapeRight";
				LD_RUNPATH_SEARCH_PATHS = (
					"$(inherited)",
					"@executable_path/Frameworks",
				);
				MARKETING_VERSION = 1.0;
				PRODUCT_BUNDLE_IDENTIFIER = ORSAC.OSDI;
				PRODUCT_NAME = "$(TARGET_NAME)";
				SWIFT_EMIT_LOC_STRINGS = YES;
				SWIFT_VERSION = 5.0;
				TARGETED_DEVICE_FAMILY = "1,2";
			};
			name = Debug;
		};
		4460695429E012DD002F748B /* Release */ = {
			isa = XCBuildConfiguration;
			baseConfigurationReference = E61019085AAC5EA1AAE56DA2 /* Pods-OSDI.release.xcconfig */;
			buildSettings = {
				ASSETCATALOG_COMPILER_APPICON_NAME = AppIcon;
				ASSETCATALOG_COMPILER_GLOBAL_ACCENT_COLOR_NAME = AccentColor;
				CODE_SIGN_STYLE = Automatic;
				CURRENT_PROJECT_VERSION = 1;
				DEVELOPMENT_TEAM = D7HSLG3FT2;
				GENERATE_INFOPLIST_FILE = YES;
				INFOPLIST_FILE = OSDI/Info.plist;
				INFOPLIST_KEY_NSCameraUsageDescription = "OSDI: requires to access your camera to capture images";
				INFOPLIST_KEY_NSLocationAlwaysAndWhenInUseUsageDescription = "Always mode is recommended for this app for improved location tracking";
				INFOPLIST_KEY_NSLocationWhenInUseUsageDescription = "The applicatioin uses this information to show you your location";
				INFOPLIST_KEY_UIApplicationSupportsIndirectInputEvents = YES;
				INFOPLIST_KEY_UILaunchStoryboardName = LaunchScreen;
				INFOPLIST_KEY_UIMainStoryboardFile = Main;
				INFOPLIST_KEY_UISupportedInterfaceOrientations_iPad = "UIInterfaceOrientationPortrait UIInterfaceOrientationPortraitUpsideDown UIInterfaceOrientationLandscapeLeft UIInterfaceOrientationLandscapeRight";
				INFOPLIST_KEY_UISupportedInterfaceOrientations_iPhone = "UIInterfaceOrientationPortrait UIInterfaceOrientationLandscapeLeft UIInterfaceOrientationLandscapeRight";
				LD_RUNPATH_SEARCH_PATHS = (
					"$(inherited)",
					"@executable_path/Frameworks",
				);
				MARKETING_VERSION = 1.0;
				PRODUCT_BUNDLE_IDENTIFIER = ORSAC.OSDI;
				PRODUCT_NAME = "$(TARGET_NAME)";
				SWIFT_EMIT_LOC_STRINGS = YES;
				SWIFT_VERSION = 5.0;
				TARGETED_DEVICE_FAMILY = "1,2";
			};
			name = Release;
		};
		4460695629E012DD002F748B /* Debug */ = {
			isa = XCBuildConfiguration;
			baseConfigurationReference = 21167323C360904254DFA879 /* Pods-OSDITests.debug.xcconfig */;
			buildSettings = {
				ALWAYS_EMBED_SWIFT_STANDARD_LIBRARIES = YES;
				BUNDLE_LOADER = "$(TEST_HOST)";
				CODE_SIGN_STYLE = Automatic;
				CURRENT_PROJECT_VERSION = 1;
				DEVELOPMENT_TEAM = D7HSLG3FT2;
				GENERATE_INFOPLIST_FILE = YES;
				IPHONEOS_DEPLOYMENT_TARGET = 15.5;
				MARKETING_VERSION = 1.0;
				PRODUCT_BUNDLE_IDENTIFIER = ORSAC.OSDITests;
				PRODUCT_NAME = "$(TARGET_NAME)";
				SWIFT_EMIT_LOC_STRINGS = NO;
				SWIFT_VERSION = 5.0;
				TARGETED_DEVICE_FAMILY = "1,2";
				TEST_HOST = "$(BUILT_PRODUCTS_DIR)/OSDI.app/OSDI";
			};
			name = Debug;
		};
		4460695729E012DD002F748B /* Release */ = {
			isa = XCBuildConfiguration;
			baseConfigurationReference = 10257124567190C4CAD8E6E7 /* Pods-OSDITests.release.xcconfig */;
			buildSettings = {
				ALWAYS_EMBED_SWIFT_STANDARD_LIBRARIES = YES;
				BUNDLE_LOADER = "$(TEST_HOST)";
				CODE_SIGN_STYLE = Automatic;
				CURRENT_PROJECT_VERSION = 1;
				DEVELOPMENT_TEAM = D7HSLG3FT2;
				GENERATE_INFOPLIST_FILE = YES;
				IPHONEOS_DEPLOYMENT_TARGET = 15.5;
				MARKETING_VERSION = 1.0;
				PRODUCT_BUNDLE_IDENTIFIER = ORSAC.OSDITests;
				PRODUCT_NAME = "$(TARGET_NAME)";
				SWIFT_EMIT_LOC_STRINGS = NO;
				SWIFT_VERSION = 5.0;
				TARGETED_DEVICE_FAMILY = "1,2";
				TEST_HOST = "$(BUILT_PRODUCTS_DIR)/OSDI.app/OSDI";
			};
			name = Release;
		};
		4460695929E012DD002F748B /* Debug */ = {
			isa = XCBuildConfiguration;
			baseConfigurationReference = B75A3986551E242698FA7E9E /* Pods-OSDI-OSDIUITests.debug.xcconfig */;
			buildSettings = {
				ALWAYS_EMBED_SWIFT_STANDARD_LIBRARIES = YES;
				CODE_SIGN_STYLE = Automatic;
				CURRENT_PROJECT_VERSION = 1;
				DEVELOPMENT_TEAM = D7HSLG3FT2;
				GENERATE_INFOPLIST_FILE = YES;
				MARKETING_VERSION = 1.0;
				PRODUCT_BUNDLE_IDENTIFIER = ORSAC.OSDIUITests;
				PRODUCT_NAME = "$(TARGET_NAME)";
				SWIFT_EMIT_LOC_STRINGS = NO;
				SWIFT_VERSION = 5.0;
				TARGETED_DEVICE_FAMILY = "1,2";
				TEST_TARGET_NAME = OSDI;
			};
			name = Debug;
		};
		4460695A29E012DD002F748B /* Release */ = {
			isa = XCBuildConfiguration;
			baseConfigurationReference = D856369C6B450E453106A802 /* Pods-OSDI-OSDIUITests.release.xcconfig */;
			buildSettings = {
				ALWAYS_EMBED_SWIFT_STANDARD_LIBRARIES = YES;
				CODE_SIGN_STYLE = Automatic;
				CURRENT_PROJECT_VERSION = 1;
				DEVELOPMENT_TEAM = D7HSLG3FT2;
				GENERATE_INFOPLIST_FILE = YES;
				MARKETING_VERSION = 1.0;
				PRODUCT_BUNDLE_IDENTIFIER = ORSAC.OSDIUITests;
				PRODUCT_NAME = "$(TARGET_NAME)";
				SWIFT_EMIT_LOC_STRINGS = NO;
				SWIFT_VERSION = 5.0;
				TARGETED_DEVICE_FAMILY = "1,2";
				TEST_TARGET_NAME = OSDI;
			};
			name = Release;
		};
/* End XCBuildConfiguration section */

/* Begin XCConfigurationList section */
		4460692329E012DB002F748B /* Build configuration list for PBXProject "OSDI" */ = {
			isa = XCConfigurationList;
			buildConfigurations = (
				4460695029E012DD002F748B /* Debug */,
				4460695129E012DD002F748B /* Release */,
			);
			defaultConfigurationIsVisible = 0;
			defaultConfigurationName = Release;
		};
		4460695229E012DD002F748B /* Build configuration list for PBXNativeTarget "OSDI" */ = {
			isa = XCConfigurationList;
			buildConfigurations = (
				4460695329E012DD002F748B /* Debug */,
				4460695429E012DD002F748B /* Release */,
			);
			defaultConfigurationIsVisible = 0;
			defaultConfigurationName = Release;
		};
		4460695529E012DD002F748B /* Build configuration list for PBXNativeTarget "OSDITests" */ = {
			isa = XCConfigurationList;
			buildConfigurations = (
				4460695629E012DD002F748B /* Debug */,
				4460695729E012DD002F748B /* Release */,
			);
			defaultConfigurationIsVisible = 0;
			defaultConfigurationName = Release;
		};
		4460695829E012DD002F748B /* Build configuration list for PBXNativeTarget "OSDIUITests" */ = {
			isa = XCConfigurationList;
			buildConfigurations = (
				4460695929E012DD002F748B /* Debug */,
				4460695A29E012DD002F748B /* Release */,
			);
			defaultConfigurationIsVisible = 0;
			defaultConfigurationName = Release;
		};
/* End XCConfigurationList section */
	};
	rootObject = 4460692029E012DB002F748B /* Project object */;
}
